
Microsoft Visual Studio Solution File, Format Version 12.00
# Visual Studio Version 16
VisualStudioVersion = 16.0.30104.148
MinimumVisualStudioVersion = 10.0.40219.1
Project("{FAE04EC0-301F-11D3-BF4B-00C04F79EFBC}") = "Common", "Common\Common.csproj", "{87C88AF6-9EC7-4F2C-80B4-E30C64916208}"
EndProject
Project("{FAE04EC0-301F-11D3-BF4B-00C04F79EFBC}") = "ServerData", "ServerData\ServerData.csproj", "{6EB5571D-1507-494B-BF2C-7957DFB52F20}"
EndProject
Project("{9A19103F-16F7-4668-BE54-9A1E7A4F7556}") = "CommonData", "CommonData\CommonData.csproj", "{3940785F-27F2-43D6-B064-F587E3B3E3D4}"
EndProject
Project("{FAE04EC0-301F-11D3-BF4B-00C04F79EFBC}") = "ShopBrowser", "ShopBrowser\ShopBrowser.csproj", "{95DCED3B-2D93-446B-81DE-198DD3265189}"
EndProject
Project("{FAE04EC0-301F-11D3-BF4B-00C04F79EFBC}") = "Browser", "Browser\Browser.csproj", "{703472B8-B275-4F3F-95B6-426036F8462E}"
EndProject
Global
	GlobalSection(SolutionConfigurationPlatforms) = preSolution
		Debug|Any CPU = Debug|Any CPU
		Debug|x64 = Debug|x64
		Debug|x86 = Debug|x86
		Release|Any CPU = Release|Any CPU
		Release|x64 = Release|x64
		Release|x86 = Release|x86
		测试|Any CPU = 测试|Any CPU
		测试|x64 = 测试|x64
		测试|x86 = 测试|x86
		新测试|Any CPU = 新测试|Any CPU
		新测试|x64 = 新测试|x64
		新测试|x86 = 新测试|x86
	EndGlobalSection
	GlobalSection(ProjectConfigurationPlatforms) = postSolution
		{87C88AF6-9EC7-4F2C-80B4-E30C64916208}.Debug|Any CPU.ActiveCfg = Debug|Any CPU
		{87C88AF6-9EC7-4F2C-80B4-E30C64916208}.Debug|Any CPU.Build.0 = Debug|Any CPU
		{87C88AF6-9EC7-4F2C-80B4-E30C64916208}.Debug|x64.ActiveCfg = Debug|x64
		{87C88AF6-9EC7-4F2C-80B4-E30C64916208}.Debug|x64.Build.0 = Debug|x64
		{87C88AF6-9EC7-4F2C-80B4-E30C64916208}.Debug|x86.ActiveCfg = Debug|x86
		{87C88AF6-9EC7-4F2C-80B4-E30C64916208}.Debug|x86.Build.0 = Debug|x86
		{87C88AF6-9EC7-4F2C-80B4-E30C64916208}.Release|Any CPU.ActiveCfg = Release|Any CPU
		{87C88AF6-9EC7-4F2C-80B4-E30C64916208}.Release|Any CPU.Build.0 = Release|Any CPU
		{87C88AF6-9EC7-4F2C-80B4-E30C64916208}.Release|x64.ActiveCfg = Release|x64
		{87C88AF6-9EC7-4F2C-80B4-E30C64916208}.Release|x64.Build.0 = Release|x64
		{87C88AF6-9EC7-4F2C-80B4-E30C64916208}.Release|x86.ActiveCfg = Release|x86
		{87C88AF6-9EC7-4F2C-80B4-E30C64916208}.Release|x86.Build.0 = Release|x86
		{87C88AF6-9EC7-4F2C-80B4-E30C64916208}.测试|Any CPU.ActiveCfg = 新测试|Any CPU
		{87C88AF6-9EC7-4F2C-80B4-E30C64916208}.测试|Any CPU.Build.0 = 新测试|Any CPU
		{87C88AF6-9EC7-4F2C-80B4-E30C64916208}.测试|x64.ActiveCfg = 新测试|x64
		{87C88AF6-9EC7-4F2C-80B4-E30C64916208}.测试|x64.Build.0 = 新测试|x64
		{87C88AF6-9EC7-4F2C-80B4-E30C64916208}.测试|x86.ActiveCfg = 新测试|x86
		{87C88AF6-9EC7-4F2C-80B4-E30C64916208}.测试|x86.Build.0 = 新测试|x86
		{87C88AF6-9EC7-4F2C-80B4-E30C64916208}.新测试|Any CPU.ActiveCfg = 新测试|Any CPU
		{87C88AF6-9EC7-4F2C-80B4-E30C64916208}.新测试|Any CPU.Build.0 = 新测试|Any CPU
		{87C88AF6-9EC7-4F2C-80B4-E30C64916208}.新测试|x64.ActiveCfg = 新测试|x64
		{87C88AF6-9EC7-4F2C-80B4-E30C64916208}.新测试|x64.Build.0 = 新测试|x64
		{87C88AF6-9EC7-4F2C-80B4-E30C64916208}.新测试|x86.ActiveCfg = 新测试|x86
		{87C88AF6-9EC7-4F2C-80B4-E30C64916208}.新测试|x86.Build.0 = 新测试|x86
		{6EB5571D-1507-494B-BF2C-7957DFB52F20}.Debug|Any CPU.ActiveCfg = Debug|Any CPU
		{6EB5571D-1507-494B-BF2C-7957DFB52F20}.Debug|Any CPU.Build.0 = Debug|Any CPU
		{6EB5571D-1507-494B-BF2C-7957DFB52F20}.Debug|x64.ActiveCfg = Debug|Any CPU
		{6EB5571D-1507-494B-BF2C-7957DFB52F20}.Debug|x64.Build.0 = Debug|Any CPU
		{6EB5571D-1507-494B-BF2C-7957DFB52F20}.Debug|x86.ActiveCfg = Debug|Any CPU
		{6EB5571D-1507-494B-BF2C-7957DFB52F20}.Debug|x86.Build.0 = Debug|Any CPU
		{6EB5571D-1507-494B-BF2C-7957DFB52F20}.Release|Any CPU.ActiveCfg = Release|Any CPU
		{6EB5571D-1507-494B-BF2C-7957DFB52F20}.Release|Any CPU.Build.0 = Release|Any CPU
		{6EB5571D-1507-494B-BF2C-7957DFB52F20}.Release|x64.ActiveCfg = Release|Any CPU
		{6EB5571D-1507-494B-BF2C-7957DFB52F20}.Release|x64.Build.0 = Release|Any CPU
		{6EB5571D-1507-494B-BF2C-7957DFB52F20}.Release|x86.ActiveCfg = Release|Any CPU
		{6EB5571D-1507-494B-BF2C-7957DFB52F20}.Release|x86.Build.0 = Release|Any CPU
		{6EB5571D-1507-494B-BF2C-7957DFB52F20}.测试|Any CPU.ActiveCfg = 新测试|Any CPU
		{6EB5571D-1507-494B-BF2C-7957DFB52F20}.测试|Any CPU.Build.0 = 新测试|Any CPU
		{6EB5571D-1507-494B-BF2C-7957DFB52F20}.测试|x64.ActiveCfg = 新测试|Any CPU
		{6EB5571D-1507-494B-BF2C-7957DFB52F20}.测试|x64.Build.0 = 新测试|Any CPU
		{6EB5571D-1507-494B-BF2C-7957DFB52F20}.测试|x86.ActiveCfg = 新测试|Any CPU
		{6EB5571D-1507-494B-BF2C-7957DFB52F20}.测试|x86.Build.0 = 新测试|Any CPU
		{6EB5571D-1507-494B-BF2C-7957DFB52F20}.新测试|Any CPU.ActiveCfg = 新测试|Any CPU
		{6EB5571D-1507-494B-BF2C-7957DFB52F20}.新测试|Any CPU.Build.0 = 新测试|Any CPU
		{6EB5571D-1507-494B-BF2C-7957DFB52F20}.新测试|x64.ActiveCfg = 新测试|Any CPU
		{6EB5571D-1507-494B-BF2C-7957DFB52F20}.新测试|x64.Build.0 = 新测试|Any CPU
		{6EB5571D-1507-494B-BF2C-7957DFB52F20}.新测试|x86.ActiveCfg = 新测试|Any CPU
		{6EB5571D-1507-494B-BF2C-7957DFB52F20}.新测试|x86.Build.0 = 新测试|Any CPU
		{3940785F-27F2-43D6-B064-F587E3B3E3D4}.Debug|Any CPU.ActiveCfg = Debug|Any CPU
		{3940785F-27F2-43D6-B064-F587E3B3E3D4}.Debug|Any CPU.Build.0 = Debug|Any CPU
		{3940785F-27F2-43D6-B064-F587E3B3E3D4}.Debug|x64.ActiveCfg = Debug|Any CPU
		{3940785F-27F2-43D6-B064-F587E3B3E3D4}.Debug|x64.Build.0 = Debug|Any CPU
		{3940785F-27F2-43D6-B064-F587E3B3E3D4}.Debug|x86.ActiveCfg = Debug|Any CPU
		{3940785F-27F2-43D6-B064-F587E3B3E3D4}.Debug|x86.Build.0 = Debug|Any CPU
		{3940785F-27F2-43D6-B064-F587E3B3E3D4}.Release|Any CPU.ActiveCfg = Release|Any CPU
		{3940785F-27F2-43D6-B064-F587E3B3E3D4}.Release|Any CPU.Build.0 = Release|Any CPU
		{3940785F-27F2-43D6-B064-F587E3B3E3D4}.Release|x64.ActiveCfg = Release|Any CPU
		{3940785F-27F2-43D6-B064-F587E3B3E3D4}.Release|x64.Build.0 = Release|Any CPU
		{3940785F-27F2-43D6-B064-F587E3B3E3D4}.Release|x86.ActiveCfg = Release|Any CPU
		{3940785F-27F2-43D6-B064-F587E3B3E3D4}.Release|x86.Build.0 = Release|Any CPU
		{3940785F-27F2-43D6-B064-F587E3B3E3D4}.测试|Any CPU.ActiveCfg = Debug|Any CPU
		{3940785F-27F2-43D6-B064-F587E3B3E3D4}.测试|Any CPU.Build.0 = Debug|Any CPU
		{3940785F-27F2-43D6-B064-F587E3B3E3D4}.测试|x64.ActiveCfg = Debug|Any CPU
		{3940785F-27F2-43D6-B064-F587E3B3E3D4}.测试|x64.Build.0 = Debug|Any CPU
		{3940785F-27F2-43D6-B064-F587E3B3E3D4}.测试|x86.ActiveCfg = Debug|Any CPU
		{3940785F-27F2-43D6-B064-F587E3B3E3D4}.测试|x86.Build.0 = Debug|Any CPU
		{3940785F-27F2-43D6-B064-F587E3B3E3D4}.新测试|Any CPU.ActiveCfg = Debug|Any CPU
		{3940785F-27F2-43D6-B064-F587E3B3E3D4}.新测试|Any CPU.Build.0 = Debug|Any CPU
		{3940785F-27F2-43D6-B064-F587E3B3E3D4}.新测试|x64.ActiveCfg = Debug|Any CPU
		{3940785F-27F2-43D6-B064-F587E3B3E3D4}.新测试|x64.Build.0 = Debug|Any CPU
		{3940785F-27F2-43D6-B064-F587E3B3E3D4}.新测试|x86.ActiveCfg = Debug|Any CPU
		{3940785F-27F2-43D6-B064-F587E3B3E3D4}.新测试|x86.Build.0 = Debug|Any CPU
		{95DCED3B-2D93-446B-81DE-198DD3265189}.Debug|Any CPU.ActiveCfg = Debug|Any CPU
		{95DCED3B-2D93-446B-81DE-198DD3265189}.Debug|Any CPU.Build.0 = Debug|Any CPU
		{95DCED3B-2D93-446B-81DE-198DD3265189}.Debug|x64.ActiveCfg = Debug|x64
		{95DCED3B-2D93-446B-81DE-198DD3265189}.Debug|x64.Build.0 = Debug|x64
		{95DCED3B-2D93-446B-81DE-198DD3265189}.Debug|x86.ActiveCfg = Debug|x86
		{95DCED3B-2D93-446B-81DE-198DD3265189}.Debug|x86.Build.0 = Debug|x86
		{95DCED3B-2D93-446B-81DE-198DD3265189}.Release|Any CPU.ActiveCfg = Release|Any CPU
		{95DCED3B-2D93-446B-81DE-198DD3265189}.Release|Any CPU.Build.0 = Release|Any CPU
		{95DCED3B-2D93-446B-81DE-198DD3265189}.Release|x64.ActiveCfg = Release|x64
		{95DCED3B-2D93-446B-81DE-198DD3265189}.Release|x64.Build.0 = Release|x64
		{95DCED3B-2D93-446B-81DE-198DD3265189}.Release|x86.ActiveCfg = Release|x86
		{95DCED3B-2D93-446B-81DE-198DD3265189}.Release|x86.Build.0 = Release|x86
		{95DCED3B-2D93-446B-81DE-198DD3265189}.测试|Any CPU.ActiveCfg = 测试|Any CPU
		{95DCED3B-2D93-446B-81DE-198DD3265189}.测试|Any CPU.Build.0 = 测试|Any CPU
		{95DCED3B-2D93-446B-81DE-198DD3265189}.测试|x64.ActiveCfg = 测试|x64
		{95DCED3B-2D93-446B-81DE-198DD3265189}.测试|x64.Build.0 = 测试|x64
		{95DCED3B-2D93-446B-81DE-198DD3265189}.测试|x86.ActiveCfg = 测试|x86
		{95DCED3B-2D93-446B-81DE-198DD3265189}.测试|x86.Build.0 = 测试|x86
		{95DCED3B-2D93-446B-81DE-198DD3265189}.新测试|Any CPU.ActiveCfg = 新测试|Any CPU
		{95DCED3B-2D93-446B-81DE-198DD3265189}.新测试|Any CPU.Build.0 = 新测试|Any CPU
		{95DCED3B-2D93-446B-81DE-198DD3265189}.新测试|x64.ActiveCfg = 新测试|x64
		{95DCED3B-2D93-446B-81DE-198DD3265189}.新测试|x64.Build.0 = 新测试|x64
		{95DCED3B-2D93-446B-81DE-198DD3265189}.新测试|x86.ActiveCfg = 新测试|x86
		{95DCED3B-2D93-446B-81DE-198DD3265189}.新测试|x86.Build.0 = 新测试|x86
		{703472B8-B275-4F3F-95B6-426036F8462E}.Debug|Any CPU.ActiveCfg = Debug|Any CPU
		{703472B8-B275-4F3F-95B6-426036F8462E}.Debug|Any CPU.Build.0 = Debug|Any CPU
		{703472B8-B275-4F3F-95B6-426036F8462E}.Debug|x64.ActiveCfg = Debug|Any CPU
		{703472B8-B275-4F3F-95B6-426036F8462E}.Debug|x64.Build.0 = Debug|Any CPU
		{703472B8-B275-4F3F-95B6-426036F8462E}.Debug|x86.ActiveCfg = Debug|x86
		{703472B8-B275-4F3F-95B6-426036F8462E}.Debug|x86.Build.0 = Debug|x86
		{703472B8-B275-4F3F-95B6-426036F8462E}.Release|Any CPU.ActiveCfg = Release|Any CPU
		{703472B8-B275-4F3F-95B6-426036F8462E}.Release|Any CPU.Build.0 = Release|Any CPU
		{703472B8-B275-4F3F-95B6-426036F8462E}.Release|x64.ActiveCfg = Release|Any CPU
		{703472B8-B275-4F3F-95B6-426036F8462E}.Release|x64.Build.0 = Release|Any CPU
		{703472B8-B275-4F3F-95B6-426036F8462E}.Release|x86.ActiveCfg = Release|x86
		{703472B8-B275-4F3F-95B6-426036F8462E}.Release|x86.Build.0 = Release|x86
		{703472B8-B275-4F3F-95B6-426036F8462E}.测试|Any CPU.ActiveCfg = Release|Any CPU
		{703472B8-B275-4F3F-95B6-426036F8462E}.测试|Any CPU.Build.0 = Release|Any CPU
		{703472B8-B275-4F3F-95B6-426036F8462E}.测试|x64.ActiveCfg = Release|Any CPU
		{703472B8-B275-4F3F-95B6-426036F8462E}.测试|x64.Build.0 = Release|Any CPU
		{703472B8-B275-4F3F-95B6-426036F8462E}.测试|x86.ActiveCfg = Release|x86
		{703472B8-B275-4F3F-95B6-426036F8462E}.测试|x86.Build.0 = Release|x86
		{703472B8-B275-4F3F-95B6-426036F8462E}.新测试|Any CPU.ActiveCfg = Release|Any CPU
		{703472B8-B275-4F3F-95B6-426036F8462E}.新测试|Any CPU.Build.0 = Release|Any CPU
		{703472B8-B275-4F3F-95B6-426036F8462E}.新测试|x64.ActiveCfg = Release|Any CPU
		{703472B8-B275-4F3F-95B6-426036F8462E}.新测试|x64.Build.0 = Release|Any CPU
		{703472B8-B275-4F3F-95B6-426036F8462E}.新测试|x86.ActiveCfg = Release|x86
		{703472B8-B275-4F3F-95B6-426036F8462E}.新测试|x86.Build.0 = Release|x86
	EndGlobalSection
	GlobalSection(SolutionProperties) = preSolution
		HideSolutionNode = FALSE
	EndGlobalSection
	GlobalSection(ExtensibilityGlobals) = postSolution
		SolutionGuid = {AB5E2622-70C9-475F-B350-8AB7EF0FF1FD}
	EndGlobalSection
EndGlobal
